{
    "_meta": {
        "hash": {
            "sha256": "da2e584e41b383437a9b14e6332d4b524f64fabd1c21a7479ff7bcfe437a5103"
        },
        "pipfile-spec": 6,
        "requires": {
            "python_version": "3.7"
        },
        "sources": [
            {
                "name": "pypi",
                "url": "https://pypi.org/simple",
                "verify_ssl": true
            }
        ]
    },
    "default": {
        "django": {
            "hashes": [
                "sha256:a32c22af23634e1d11425574dce756098e015a165be02e4690179889b207c7a8",
                "sha256:d6393918da830530a9516bbbcbf7f1214c3d733738779f06b0f649f49cc698c3"
            ],
            "index": "pypi",
            "version": "==2.1.5"
        },
        "django-crispy-forms": {
            "hashes": [
                "sha256:50032184708ce351e3c9f0008ac35d659d9d5973fa2db218066f2e0a76eb41d9",
                "sha256:67e73ac863d3159500029fbbcdcb788f287a3fd357becebc1a0b51f73896dce3"
            ],
            "index": "pypi",
            "version": "==1.9.0"
        },
        "pytz": {
            "hashes": [
                "sha256:1c557d7d0e871de1f5ccd5833f60fb2550652da6be2693c1e02300743d21500d",
                "sha256:b02c06db6cf09c12dd25137e563b31700d3b80fcc4ad23abb7a315f2789819be"
            ],
            "version": "==2019.3"
        }
    },
    "develop": {}
}
